<?xml version="1.0" encoding="utf-8"?>
<Project ToolsVersion="4.0" xmlns="http://schemas.microsoft.com/developer/msbuild/2003">
  <ItemGroup>
    <Filter Include="源文件">
      <UniqueIdentifier>{4FC737F1-C7A5-4376-A066-2A32D752A2FF}</UniqueIdentifier>
      <Extensions>cpp;c;cc;cxx;def;odl;idl;hpj;bat;asm;asmx</Extensions>
    </Filter>
    <Filter Include="头文件">
      <UniqueIdentifier>{93995380-89BD-4b04-88EB-625FBE52EBFB}</UniqueIdentifier>
      <Extensions>h;hh;hpp;hxx;hm;inl;inc;ipp;xsd</Extensions>
    </Filter>
    <Filter Include="资源文件">
      <UniqueIdentifier>{67DA6AB6-F800-4c08-8B7A-83BB121AAD01}</UniqueIdentifier>
      <Extensions>rc;ico;cur;bmp;dlg;rc2;rct;bin;rgs;gif;jpg;jpeg;jpe;resx;tiff;tif;png;wav;mfcribbon-ms</Extensions>
    </Filter>
    <Filter Include="utils">
      <UniqueIdentifier>{687a8fbb-7291-4ce4-afa7-6e52bf5186e3}</UniqueIdentifier>
    </Filter>
    <Filter Include="utils\source">
      <UniqueIdentifier>{d9e093fe-dc97-42b2-a28f-4aec69d61f3a}</UniqueIdentifier>
    </Filter>
    <Filter Include="utils\header">
      <UniqueIdentifier>{993df91d-3a64-444d-a896-5b8c1801da97}</UniqueIdentifier>
    </Filter>
    <Filter Include="IO">
      <UniqueIdentifier>{e2ec4d19-f019-4b0d-97da-600d4a4596fa}</UniqueIdentifier>
    </Filter>
    <Filter Include="common">
      <UniqueIdentifier>{f6f77f6b-8b85-40b7-8746-7d6f66ce30d1}</UniqueIdentifier>
    </Filter>
    <Filter Include="common\header">
      <UniqueIdentifier>{76aaa81a-bd65-469c-bada-bc460d04b818}</UniqueIdentifier>
    </Filter>
    <Filter Include="common\source">
      <UniqueIdentifier>{02feafb1-fa8f-4ff6-a80c-e3b2b36350b0}</UniqueIdentifier>
    </Filter>
  </ItemGroup>
  <ItemGroup>
    <ClCompile Include="main.cpp">
      <Filter>源文件</Filter>
    </ClCompile>
    <ClCompile Include="..\include\utils\CMyString.cpp">
      <Filter>utils\source</Filter>
    </ClCompile>
    <ClCompile Include="Global.cpp">
      <Filter>源文件</Filter>
    </ClCompile>
    <ClCompile Include="UI.cpp">
      <Filter>源文件</Filter>
    </ClCompile>
    <ClCompile Include="Control.cpp">
      <Filter>源文件</Filter>
    </ClCompile>
    <ClCompile Include="IO.cpp">
      <Filter>源文件</Filter>
    </ClCompile>
    <ClCompile Include="MockingString.cpp">
      <Filter>common\source</Filter>
    </ClCompile>
    <ClCompile Include="MD5.cpp">
      <Filter>common\source</Filter>
    </ClCompile>
  </ItemGroup>
  <ItemGroup>
    <ClInclude Include="..\include\utils\CMyString.h">
      <Filter>utils\header</Filter>
    </ClInclude>
    <ClInclude Include="..\include\utils\CArray.hpp">
      <Filter>utils\header</Filter>
    </ClInclude>
    <ClInclude Include="..\include\utils\CStack.hpp">
      <Filter>utils\header</Filter>
    </ClInclude>
    <ClInclude Include="Global.h">
      <Filter>头文件</Filter>
    </ClInclude>
    <ClInclude Include="..\include\utils\CQueue.hpp">
      <Filter>utils\header</Filter>
    </ClInclude>
    <ClInclude Include="..\include\utils\CAVLTree.hpp">
      <Filter>utils\header</Filter>
    </ClInclude>
    <ClInclude Include="..\include\utils\CList.hpp">
      <Filter>utils\header</Filter>
    </ClInclude>
    <ClInclude Include="UI.h">
      <Filter>头文件</Filter>
    </ClInclude>
    <ClInclude Include="Control.h">
      <Filter>头文件</Filter>
    </ClInclude>
    <ClInclude Include="IO.h">
      <Filter>头文件</Filter>
    </ClInclude>
    <ClInclude Include="MockingString.h">
      <Filter>common\header</Filter>
    </ClInclude>
    <ClInclude Include="MD5.h">
      <Filter>common\header</Filter>
    </ClInclude>
  </ItemGroup>
</Project>